
Microsoft Visual Studio Solution File, Format Version 12.00
# Visual Studio Version 16
VisualStudioVersion = 16.0.32929.386
MinimumVisualStudioVersion = 10.0.40219.1
Project("{FAE04EC0-301F-11D3-BF4B-00C04F79EFBC}") = "ICT PROJECT", "ICT PROJECT\ICT PROJECT.csproj", "{6ABD94EB-A2B6-469B-8A6C-06A16455A247}"
EndProject
Global
	GlobalSection(SolutionConfigurationPlatforms) = preSolution
		Debug|Any CPU = Debug|Any CPU
		Release|Any CPU = Release|Any CPU
	EndGlobalSection
	GlobalSection(ProjectConfigurationPlatforms) = postSolution
		{6ABD94EB-A2B6-469B-8A6C-06A16455A247}.Debug|Any CPU.ActiveCfg = Debug|Any CPU
		{6ABD94EB-A2B6-469B-8A6C-06A16455A247}.Debug|Any CPU.Build.0 = Debug|Any CPU
		{6ABD94EB-A2B6-469B-8A6C-06A16455A247}.Release|Any CPU.ActiveCfg = Release|Any CPU
		{6ABD94EB-A2B6-469B-8A6C-06A16455A247}.Release|Any CPU.Build.0 = Release|Any CPU
	EndGlobalSection
	GlobalSection(SolutionProperties) = preSolution
		HideSolutionNode = FALSE
	EndGlobalSection
	GlobalSection(ExtensibilityGlobals) = postSolution
		SolutionGuid = {CB72FAD7-5BB7-47D6-B520-59B744C69626}
	EndGlobalSection
EndGlobal
